// !$*UTF8*$!
{
	archiveVersion = 1;
	classes = {
	};
	objectVersion = 55;
	objects = {

/* Begin PBXBuildFile section */
		83027CBD27E1C26800DC1CF5 /* AppDelegate.swift in Sources */ = {isa = PBXBuildFile; fileRef = 83027CBC27E1C26800DC1CF5 /* AppDelegate.swift */; };
		83027CBF27E1C26800DC1CF5 /* SceneDelegate.swift in Sources */ = {isa = PBXBuildFile; fileRef = 83027CBE27E1C26800DC1CF5 /* SceneDelegate.swift */; };
		83027CC127E1C26800DC1CF5 /* ViewController.swift in Sources */ = {isa = PBXBuildFile; fileRef = 83027CC027E1C26800DC1CF5 /* ViewController.swift */; };
		83027CC427E1C26800DC1CF5 /* Main.storyboard in Resources */ = {isa = PBXBuildFile; fileRef = 83027CC227E1C26800DC1CF5 /* Main.storyboard */; };
		83027CC927E1C26B00DC1CF5 /* Assets.xcassets in Resources */ = {isa = PBXBuildFile; fileRef = 83027CC827E1C26B00DC1CF5 /* Assets.xcassets */; };
		83027CCC27E1C26B00DC1CF5 /* LaunchScreen.storyboard in Resources */ = {isa = PBXBuildFile; fileRef = 83027CCA27E1C26B00DC1CF5 /* LaunchScreen.storyboard */; };
		83A2A59F27E462FD009201CA /* ViewController.swift in Sources */ = {isa = PBXBuildFile; fileRef = 83027CC027E1C26800DC1CF5 /* ViewController.swift */; };
		83A2A5A027E462FD009201CA /* AppDelegate.swift in Sources */ = {isa = PBXBuildFile; fileRef = 83027CBC27E1C26800DC1CF5 /* AppDelegate.swift */; };
		83A2A5A227E462FD009201CA /* SceneDelegate.swift in Sources */ = {isa = PBXBuildFile; fileRef = 83027CBE27E1C26800DC1CF5 /* SceneDelegate.swift */; };
		83A2A5A627E462FD009201CA /* LaunchScreen.storyboard in Resources */ = {isa = PBXBuildFile; fileRef = 83027CCA27E1C26B00DC1CF5 /* LaunchScreen.storyboard */; };
		83A2A5A927E462FD009201CA /* Assets.xcassets in Resources */ = {isa = PBXBuildFile; fileRef = 83027CC827E1C26B00DC1CF5 /* Assets.xcassets */; };
		83A2A5AB27E462FD009201CA /* Main.storyboard in Resources */ = {isa = PBXBuildFile; fileRef = 83027CC227E1C26800DC1CF5 /* Main.storyboard */; };
/* End PBXBuildFile section */

/* Begin PBXFileReference section */
		83027CB927E1C26800DC1CF5 /* AlternateAppIcon.app */ = {isa = PBXFileReference; explicitFileType = wrapper.application; includeInIndex = 0; path = AlternateAppIcon.app; sourceTree = BUILT_PRODUCTS_DIR; };
		83027CBC27E1C26800DC1CF5 /* AppDelegate.swift */ = {isa = PBXFileReference; lastKnownFileType = sourcecode.swift; path = AppDelegate.swift; sourceTree = "<group>"; };
		83027CBE27E1C26800DC1CF5 /* SceneDelegate.swift */ = {isa = PBXFileReference; lastKnownFileType = sourcecode.swift; path = SceneDelegate.swift; sourceTree = "<group>"; };
		83027CC027E1C26800DC1CF5 /* ViewController.swift */ = {isa = PBXFileReference; lastKnownFileType = sourcecode.swift; path = ViewController.swift; sourceTree = "<group>"; };
		83027CC327E1C26800DC1CF5 /* Base */ = {isa = PBXFileReference; lastKnownFileType = file.storyboard; name = Base; path = Base.lproj/Main.storyboard; sourceTree = "<group>"; };
		83027CC827E1C26B00DC1CF5 /* Assets.xcassets */ = {isa = PBXFileReference; lastKnownFileType = folder.assetcatalog; path = Assets.xcassets; sourceTree = "<group>"; };
		83027CCB27E1C26B00DC1CF5 /* Base */ = {isa = PBXFileReference; lastKnownFileType = file.storyboard; name = Base; path = Base.lproj/LaunchScreen.storyboard; sourceTree = "<group>"; };
		83027CCD27E1C26B00DC1CF5 /* Info.plist */ = {isa = PBXFileReference; lastKnownFileType = text.plist.xml; path = Info.plist; sourceTree = "<group>"; };
		83A2A5AF27E462FD009201CA /* AlternateAppIconUsingInfoPList.app */ = {isa = PBXFileReference; explicitFileType = wrapper.application; includeInIndex = 0; path = AlternateAppIconUsingInfoPList.app; sourceTree = BUILT_PRODUCTS_DIR; };
		83F0127327E499C500839C8C /* AlternateAppIconsUsingCode.plist */ = {isa = PBXFileReference; lastKnownFileType = text.plist.xml; path = AlternateAppIconsUsingCode.plist; sourceTree = "<group>"; };
/* End PBXFileReference section */

/* Begin PBXFrameworksBuildPhase section */
		83027CB627E1C26800DC1CF5 /* Frameworks */ = {
			isa = PBXFrameworksBuildPhase;
			buildActionMask = 2147483647;
			files = (
			);
			runOnlyForDeploymentPostprocessing = 0;
		};
		83A2A5A327E462FD009201CA /* Frameworks */ = {
			isa = PBXFrameworksBuildPhase;
			buildActionMask = 2147483647;
			files = (
			);
			runOnlyForDeploymentPostprocessing = 0;
		};
/* End PBXFrameworksBuildPhase section */

/* Begin PBXGroup section */
		83027CB027E1C26800DC1CF5 = {
			isa = PBXGroup;
			children = (
				83027CBB27E1C26800DC1CF5 /* AlternateAppIcons */,
				83027CBA27E1C26800DC1CF5 /* Products */,
			);
			sourceTree = "<group>";
		};
		83027CBA27E1C26800DC1CF5 /* Products */ = {
			isa = PBXGroup;
			children = (
				83027CB927E1C26800DC1CF5 /* AlternateAppIcon.app */,
				83A2A5AF27E462FD009201CA /* AlternateAppIconUsingInfoPList.app */,
			);
			name = Products;
			sourceTree = "<group>";
		};
		83027CBB27E1C26800DC1CF5 /* AlternateAppIcons */ = {
			isa = PBXGroup;
			children = (
				83F0127327E499C500839C8C /* AlternateAppIconsUsingCode.plist */,
				83027CBC27E1C26800DC1CF5 /* AppDelegate.swift */,
				83027CBE27E1C26800DC1CF5 /* SceneDelegate.swift */,
				83027CC027E1C26800DC1CF5 /* ViewController.swift */,
				83027CC227E1C26800DC1CF5 /* Main.storyboard */,
				83027CC827E1C26B00DC1CF5 /* Assets.xcassets */,
				83027CCA27E1C26B00DC1CF5 /* LaunchScreen.storyboard */,
				83027CCD27E1C26B00DC1CF5 /* Info.plist */,
			);
			path = AlternateAppIcons;
			sourceTree = "<group>";
		};
/* End PBXGroup section */

/* Begin PBXNativeTarget section */
		83027CB827E1C26800DC1CF5 /* AlternateAppIcon */ = {
			isa = PBXNativeTarget;
			buildConfigurationList = 83027CD027E1C26B00DC1CF5 /* Build configuration list for PBXNativeTarget "AlternateAppIcon" */;
			buildPhases = (
				83027CB527E1C26800DC1CF5 /* Sources */,
				83027CB627E1C26800DC1CF5 /* Frameworks */,
				83027CB727E1C26800DC1CF5 /* Resources */,
			);
			buildRules = (
			);
			dependencies = (
			);
			name = AlternateAppIcon;
			productName = SampleLaunch;
			productReference = 83027CB927E1C26800DC1CF5 /* AlternateAppIcon.app */;
			productType = "com.apple.product-type.application";
		};
		83A2A59D27E462FD009201CA /* AlternateAppIconUsingInfoPList */ = {
			isa = PBXNativeTarget;
			buildConfigurationList = 83A2A5AC27E462FD009201CA /* Build configuration list for PBXNativeTarget "AlternateAppIconUsingInfoPList" */;
			buildPhases = (
				83A2A59E27E462FD009201CA /* Sources */,
				83A2A5A327E462FD009201CA /* Frameworks */,
				83A2A5A427E462FD009201CA /* Resources */,
			);
			buildRules = (
			);
			dependencies = (
			);
			name = AlternateAppIconUsingInfoPList;
			productName = SampleLaunch;
			productReference = 83A2A5AF27E462FD009201CA /* AlternateAppIconUsingInfoPList.app */;
			productType = "com.apple.product-type.application";
		};
/* End PBXNativeTarget section */

/* Begin PBXProject section */
		83027CB127E1C26800DC1CF5 /* Project object */ = {
			isa = PBXProject;
			attributes = {
				BuildIndependentTargetsInParallel = 1;
				LastSwiftUpdateCheck = 1320;
				LastUpgradeCheck = 1320;
				TargetAttributes = {
					83027CB827E1C26800DC1CF5 = {
						CreatedOnToolsVersion = 13.2.1;
					};
				};
			};
			buildConfigurationList = 83027CB427E1C26800DC1CF5 /* Build configuration list for PBXProject "AlternateAppIcons" */;
			compatibilityVersion = "Xcode 13.0";
			developmentRegion = en;
			hasScannedForEncodings = 0;
			knownRegions = (
				en,
				Base,
			);
			mainGroup = 83027CB027E1C26800DC1CF5;
			productRefGroup = 83027CBA27E1C26800DC1CF5 /* Products */;
			projectDirPath = "";
			projectRoot = "";
			targets = (
				83027CB827E1C26800DC1CF5 /* AlternateAppIcon */,
				83A2A59D27E462FD009201CA /* AlternateAppIconUsingInfoPList */,
			);
		};
/* End PBXProject section */

/* Begin PBXResourcesBuildPhase section */
		83027CB727E1C26800DC1CF5 /* Resources */ = {
			isa = PBXResourcesBuildPhase;
			buildActionMask = 2147483647;
			files = (
				83027CCC27E1C26B00DC1CF5 /* LaunchScreen.storyboard in Resources */,
				83027CC927E1C26B00DC1CF5 /* Assets.xcassets in Resources */,
				83027CC427E1C26800DC1CF5 /* Main.storyboard in Resources */,
			);
			runOnlyForDeploymentPostprocessing = 0;
		};
		83A2A5A427E462FD009201CA /* Resources */ = {
			isa = PBXResourcesBuildPhase;
			buildActionMask = 2147483647;
			files = (
				83A2A5A627E462FD009201CA /* LaunchScreen.storyboard in Resources */,
				83A2A5A927E462FD009201CA /* Assets.xcassets in Resources */,
				83A2A5AB27E462FD009201CA /* Main.storyboard in Resources */,
			);
			runOnlyForDeploymentPostprocessing = 0;
		};
/* End PBXResourcesBuildPhase section */

/* Begin PBXSourcesBuildPhase section */
		83027CB527E1C26800DC1CF5 /* Sources */ = {
			isa = PBXSourcesBuildPhase;
			buildActionMask = 2147483647;
			files = (
				83027CC127E1C26800DC1CF5 /* ViewController.swift in Sources */,
				83027CBD27E1C26800DC1CF5 /* AppDelegate.swift in Sources */,
				83027CBF27E1C26800DC1CF5 /* SceneDelegate.swift in Sources */,
			);
			runOnlyForDeploymentPostprocessing = 0;
		};
		83A2A59E27E462FD009201CA /* Sources */ = {
			isa = PBXSourcesBuildPhase;
			buildActionMask = 2147483647;
			files = (
				83A2A59F27E462FD009201CA /* ViewController.swift in Sources */,
				83A2A5A027E462FD009201CA /* AppDelegate.swift in Sources */,
				83A2A5A227E462FD009201CA /* SceneDelegate.swift in Sources */,
			);
			runOnlyForDeploymentPostprocessing = 0;
		};
/* End PBXSourcesBuildPhase section */

/* Begin PBXVariantGroup section */
		83027CC227E1C26800DC1CF5 /* Main.storyboard */ = {
			isa = PBXVariantGroup;
			children = (
				83027CC327E1C26800DC1CF5 /* Base */,
			);
			name = Main.storyboard;
			sourceTree = "<group>";
		};
		83027CCA27E1C26B00DC1CF5 /* LaunchScreen.storyboard */ = {
			isa = PBXVariantGroup;
			children = (
				83027CCB27E1C26B00DC1CF5 /* Base */,
			);
			name = LaunchScreen.storyboard;
			sourceTree = "<group>";
		};
/* End PBXVariantGroup section */

/* Begin XCBuildConfiguration section */
		83027CCE27E1C26B00DC1CF5 /* Debug */ = {
			isa = XCBuildConfiguration;
			buildSettings = {
				ALWAYS_SEARCH_USER_PATHS = NO;
				CLANG_ANALYZER_NONNULL = YES;
				CLANG_ANALYZER_NUMBER_OBJECT_CONVERSION = YES_AGGRESSIVE;
				CLANG_CXX_LANGUAGE_STANDARD = "gnu++17";
				CLANG_CXX_LIBRARY = "libc++";
				CLANG_ENABLE_MODULES = YES;
				CLANG_ENABLE_OBJC_ARC = YES;
				CLANG_ENABLE_OBJC_WEAK = YES;
				CLANG_WARN_BLOCK_CAPTURE_AUTORELEASING = YES;
				CLANG_WARN_BOOL_CONVERSION = YES;
				CLANG_WARN_COMMA = YES;
				CLANG_WARN_CONSTANT_CONVERSION = YES;
				CLANG_WARN_DEPRECATED_OBJC_IMPLEMENTATIONS = YES;
				CLANG_WARN_DIRECT_OBJC_ISA_USAGE = YES_ERROR;
				CLANG_WARN_DOCUMENTATION_COMMENTS = YES;
				CLANG_WARN_EMPTY_BODY = YES;
				CLANG_WARN_ENUM_CONVERSION = YES;
				CLANG_WARN_INFINITE_RECURSION = YES;
				CLANG_WARN_INT_CONVERSION = YES;
				CLANG_WARN_NON_LITERAL_NULL_CONVERSION = YES;
				CLANG_WARN_OBJC_IMPLICIT_RETAIN_SELF = YES;
				CLANG_WARN_OBJC_LITERAL_CONVERSION = YES;
				CLANG_WARN_OBJC_ROOT_CLASS = YES_ERROR;
				CLANG_WARN_QUOTED_INCLUDE_IN_FRAMEWORK_HEADER = YES;
				CLANG_WARN_RANGE_LOOP_ANALYSIS = YES;
				CLANG_WARN_STRICT_PROTOTYPES = YES;
				CLANG_WARN_SUSPICIOUS_MOVE = YES;
				CLANG_WARN_UNGUARDED_AVAILABILITY = YES_AGGRESSIVE;
				CLANG_WARN_UNREACHABLE_CODE = YES;
				CLANG_WARN__DUPLICATE_METHOD_MATCH = YES;
				COPY_PHASE_STRIP = NO;
				DEBUG_INFORMATION_FORMAT = dwarf;
				ENABLE_STRICT_OBJC_MSGSEND = YES;
				ENABLE_TESTABILITY = YES;
				GCC_C_LANGUAGE_STANDARD = gnu11;
				GCC_DYNAMIC_NO_PIC = NO;
				GCC_NO_COMMON_BLOCKS = YES;
				GCC_OPTIMIZATION_LEVEL = 0;
				GCC_PREPROCESSOR_DEFINITIONS = (
					"DEBUG=1",
					"$(inherited)",
				);
				GCC_WARN_64_TO_32_BIT_CONVERSION = YES;
				GCC_WARN_ABOUT_RETURN_TYPE = YES_ERROR;
				GCC_WARN_UNDECLARED_SELECTOR = YES;
				GCC_WARN_UNINITIALIZED_AUTOS = YES_AGGRESSIVE;
				GCC_WARN_UNUSED_FUNCTION = YES;
				GCC_WARN_UNUSED_VARIABLE = YES;
				IPHONEOS_DEPLOYMENT_TARGET = 10.3;
				MTL_ENABLE_DEBUG_INFO = INCLUDE_SOURCE;
				MTL_FAST_MATH = YES;
				ONLY_ACTIVE_ARCH = YES;
				SDKROOT = iphoneos;
				SWIFT_ACTIVE_COMPILATION_CONDITIONS = DEBUG;
				SWIFT_OPTIMIZATION_LEVEL = "-Onone";
			};
			name = Debug;
		};
		83027CCF27E1C26B00DC1CF5 /* Release */ = {
			isa = XCBuildConfiguration;
			buildSettings = {
				ALWAYS_SEARCH_USER_PATHS = NO;
				CLANG_ANALYZER_NONNULL = YES;
				CLANG_ANALYZER_NUMBER_OBJECT_CONVERSION = YES_AGGRESSIVE;
				CLANG_CXX_LANGUAGE_STANDARD = "gnu++17";
				CLANG_CXX_LIBRARY = "libc++";
				CLANG_ENABLE_MODULES = YES;
				CLANG_ENABLE_OBJC_ARC = YES;
				CLANG_ENABLE_OBJC_WEAK = YES;
				CLANG_WARN_BLOCK_CAPTURE_AUTORELEASING = YES;
				CLANG_WARN_BOOL_CONVERSION = YES;
				CLANG_WARN_COMMA = YES;
				CLANG_WARN_CONSTANT_CONVERSION = YES;
				CLANG_WARN_DEPRECATED_OBJC_IMPLEMENTATIONS = YES;
				CLANG_WARN_DIRECT_OBJC_ISA_USAGE = YES_ERROR;
				CLANG_WARN_DOCUMENTATION_COMMENTS = YES;
				CLANG_WARN_EMPTY_BODY = YES;
				CLANG_WARN_ENUM_CONVERSION = YES;
				CLANG_WARN_INFINITE_RECURSION = YES;
				CLANG_WARN_INT_CONVERSION = YES;
				CLANG_WARN_NON_LITERAL_NULL_CONVERSION = YES;
				CLANG_WARN_OBJC_IMPLICIT_RETAIN_SELF = YES;
				CLANG_WARN_OBJC_LITERAL_CONVERSION = YES;
				CLANG_WARN_OBJC_ROOT_CLASS = YES_ERROR;
				CLANG_WARN_QUOTED_INCLUDE_IN_FRAMEWORK_HEADER = YES;
				CLANG_WARN_RANGE_LOOP_ANALYSIS = YES;
				CLANG_WARN_STRICT_PROTOTYPES = YES;
				CLANG_WARN_SUSPICIOUS_MOVE = YES;
				CLANG_WARN_UNGUARDED_AVAILABILITY = YES_AGGRESSIVE;
				CLANG_WARN_UNREACHABLE_CODE = YES;
				CLANG_WARN__DUPLICATE_METHOD_MATCH = YES;
				COPY_PHASE_STRIP = NO;
				DEBUG_INFORMATION_FORMAT = "dwarf-with-dsym";
				ENABLE_NS_ASSERTIONS = NO;
				ENABLE_STRICT_OBJC_MSGSEND = YES;
				GCC_C_LANGUAGE_STANDARD = gnu11;
				GCC_NO_COMMON_BLOCKS = YES;
				GCC_WARN_64_TO_32_BIT_CONVERSION = YES;
				GCC_WARN_ABOUT_RETURN_TYPE = YES_ERROR;
				GCC_WARN_UNDECLARED_SELECTOR = YES;
				GCC_WARN_UNINITIALIZED_AUTOS = YES_AGGRESSIVE;
				GCC_WARN_UNUSED_FUNCTION = YES;
				GCC_WARN_UNUSED_VARIABLE = YES;
				IPHONEOS_DEPLOYMENT_TARGET = 10.3;
				MTL_ENABLE_DEBUG_INFO = NO;
				MTL_FAST_MATH = YES;
				SDKROOT = iphoneos;
				SWIFT_COMPILATION_MODE = wholemodule;
				SWIFT_OPTIMIZATION_LEVEL = "-O";
				VALIDATE_PRODUCT = YES;
			};
			name = Release;
		};
		83027CD127E1C26B00DC1CF5 /* Debug */ = {
			isa = XCBuildConfiguration;
			buildSettings = {
				ASSETCATALOG_COMPILER_ALTERNATE_APPICON_NAMES = "AppIcon-2 AppIcon-1";
				ASSETCATALOG_COMPILER_APPICON_NAME = AppIcon;
				ASSETCATALOG_COMPILER_GLOBAL_ACCENT_COLOR_NAME = AccentColor;
				ASSETCATALOG_COMPILER_INCLUDE_ALL_APPICON_ASSETS = NO;
				CODE_SIGN_STYLE = Manual;
				CURRENT_PROJECT_VERSION = 1.0.0;
				DEVELOPMENT_TEAM = "";
				GENERATE_INFOPLIST_FILE = YES;
				INFOPLIST_FILE = ./AlternateAppIcons/Info.plist;
				INFOPLIST_KEY_UIApplicationSupportsIndirectInputEvents = YES;
				INFOPLIST_KEY_UILaunchStoryboardName = LaunchScreen;
				INFOPLIST_KEY_UIMainStoryboardFile = Main;
				INFOPLIST_KEY_UISupportedInterfaceOrientations = UIInterfaceOrientationPortrait;
				INFOPLIST_KEY_UISupportedInterfaceOrientations_iPad = "UIInterfaceOrientationPortrait UIInterfaceOrientationPortraitUpsideDown UIInterfaceOrientationLandscapeLeft UIInterfaceOrientationLandscapeRight";
				INFOPLIST_KEY_UISupportedInterfaceOrientations_iPhone = "UIInterfaceOrientationPortrait UIInterfaceOrientationLandscapeLeft UIInterfaceOrientationLandscapeRight";
				IPHONEOS_DEPLOYMENT_TARGET = 10.3;
				LD_RUNPATH_SEARCH_PATHS = (
					"$(inherited)",
					"@executable_path/Frameworks",
				);
				MACH_O_TYPE = mh_execute;
				MARKETING_VERSION = 1.0;
				PRODUCT_BUNDLE_IDENTIFIER = com.sample.alternateAppIcon;
				PRODUCT_NAME = "$(TARGET_NAME)";
				PROVISIONING_PROFILE_SPECIFIER = "";
				SWIFT_EMIT_LOC_STRINGS = YES;
				SWIFT_VERSION = 5.0;
				TARGETED_DEVICE_FAMILY = 1;
			};
			name = Debug;
		};
		83027CD227E1C26B00DC1CF5 /* Release */ = {
			isa = XCBuildConfiguration;
			buildSettings = {
				ASSETCATALOG_COMPILER_ALTERNATE_APPICON_NAMES = "AppIcon-2 AppIcon-1";
				ASSETCATALOG_COMPILER_APPICON_NAME = AppIcon;
				ASSETCATALOG_COMPILER_GLOBAL_ACCENT_COLOR_NAME = AccentColor;
				ASSETCATALOG_COMPILER_INCLUDE_ALL_APPICON_ASSETS = NO;
				CODE_SIGN_STYLE = Manual;
				CURRENT_PROJECT_VERSION = 1.0.0;
				DEVELOPMENT_TEAM = "";
				GENERATE_INFOPLIST_FILE = YES;
				INFOPLIST_FILE = ./AlternateAppIcons/Info.plist;
				INFOPLIST_KEY_UIApplicationSupportsIndirectInputEvents = YES;
				INFOPLIST_KEY_UILaunchStoryboardName = LaunchScreen;
				INFOPLIST_KEY_UIMainStoryboardFile = Main;
				INFOPLIST_KEY_UISupportedInterfaceOrientations = UIInterfaceOrientationPortrait;
				INFOPLIST_KEY_UISupportedInterfaceOrientations_iPad = "UIInterfaceOrientationPortrait UIInterfaceOrientationPortraitUpsideDown UIInterfaceOrientationLandscapeLeft UIInterfaceOrientationLandscapeRight";
				INFOPLIST_KEY_UISupportedInterfaceOrientations_iPhone = "UIInterfaceOrientationPortrait UIInterfaceOrientationLandscapeLeft UIInterfaceOrientationLandscapeRight";
				IPHONEOS_DEPLOYMENT_TARGET = 10.3;
				LD_RUNPATH_SEARCH_PATHS = (
					"$(inherited)",
					"@executable_path/Frameworks",
				);
				MACH_O_TYPE = mh_execute;
				MARKETING_VERSION = 1.0;
				PRODUCT_BUNDLE_IDENTIFIER = com.sample.alternateAppIcon;
				PRODUCT_NAME = "$(TARGET_NAME)";
				PROVISIONING_PROFILE_SPECIFIER = "";
				SWIFT_EMIT_LOC_STRINGS = YES;
				SWIFT_VERSION = 5.0;
				TARGETED_DEVICE_FAMILY = 1;
			};
			name = Release;
		};
		83A2A5AD27E462FD009201CA /* Debug */ = {
			isa = XCBuildConfiguration;
			buildSettings = {
				ASSETCATALOG_COMPILER_ALTERNATE_APPICON_NAMES = "";
				ASSETCATALOG_COMPILER_APPICON_NAME = AppIcon;
				ASSETCATALOG_COMPILER_GLOBAL_ACCENT_COLOR_NAME = AccentColor;
				ASSETCATALOG_COMPILER_INCLUDE_ALL_APPICON_ASSETS = YES;
				CODE_SIGN_STYLE = Manual;
				CURRENT_PROJECT_VERSION = 1.0.0;
				DEVELOPMENT_TEAM = "";
				GENERATE_INFOPLIST_FILE = YES;
				INFOPLIST_FILE = ./AlternateAppIcons/AlternateAppIconsUsingCode.plist;
				INFOPLIST_KEY_UIApplicationSupportsIndirectInputEvents = YES;
				INFOPLIST_KEY_UILaunchStoryboardName = LaunchScreen;
				INFOPLIST_KEY_UIMainStoryboardFile = Main;
				INFOPLIST_KEY_UISupportedInterfaceOrientations = UIInterfaceOrientationPortrait;
				INFOPLIST_KEY_UISupportedInterfaceOrientations_iPad = "UIInterfaceOrientationPortrait UIInterfaceOrientationPortraitUpsideDown UIInterfaceOrientationLandscapeLeft UIInterfaceOrientationLandscapeRight";
				INFOPLIST_KEY_UISupportedInterfaceOrientations_iPhone = "UIInterfaceOrientationPortrait UIInterfaceOrientationLandscapeLeft UIInterfaceOrientationLandscapeRight";
				IPHONEOS_DEPLOYMENT_TARGET = 10.3;
				LD_RUNPATH_SEARCH_PATHS = (
					"$(inherited)",
					"@executable_path/Frameworks",
				);
				MARKETING_VERSION = 1.0;
				PRODUCT_BUNDLE_IDENTIFIER = com.sample.alternateAppIcon;
				PRODUCT_NAME = "$(TARGET_NAME)";
				PROVISIONING_PROFILE_SPECIFIER = "";
				SWIFT_EMIT_LOC_STRINGS = YES;
				SWIFT_VERSION = 5.0;
				TARGETED_DEVICE_FAMILY = 1;
			};
			name = Debug;
		};
		83A2A5AE27E462FD009201CA /* Release */ = {
			isa = XCBuildConfiguration;
			buildSettings = {
				ASSETCATALOG_COMPILER_ALTERNATE_APPICON_NAMES = "";
				ASSETCATALOG_COMPILER_APPICON_NAME = AppIcon;
				ASSETCATALOG_COMPILER_GLOBAL_ACCENT_COLOR_NAME = AccentColor;
				ASSETCATALOG_COMPILER_INCLUDE_ALL_APPICON_ASSETS = YES;
				CODE_SIGN_STYLE = Manual;
				CURRENT_PROJECT_VERSION = 1.0.0;
				DEVELOPMENT_TEAM = "";
				GENERATE_INFOPLIST_FILE = YES;
				INFOPLIST_FILE = ./AlternateAppIcons/AlternateAppIconsUsingCode.plist;
				INFOPLIST_KEY_UIApplicationSupportsIndirectInputEvents = YES;
				INFOPLIST_KEY_UILaunchStoryboardName = LaunchScreen;
				INFOPLIST_KEY_UIMainStoryboardFile = Main;
				INFOPLIST_KEY_UISupportedInterfaceOrientations = UIInterfaceOrientationPortrait;
				INFOPLIST_KEY_UISupportedInterfaceOrientations_iPad = "UIInterfaceOrientationPortrait UIInterfaceOrientationPortraitUpsideDown UIInterfaceOrientationLandscapeLeft UIInterfaceOrientationLandscapeRight";
				INFOPLIST_KEY_UISupportedInterfaceOrientations_iPhone = "UIInterfaceOrientationPortrait UIInterfaceOrientationLandscapeLeft UIInterfaceOrientationLandscapeRight";
				IPHONEOS_DEPLOYMENT_TARGET = 10.3;
				LD_RUNPATH_SEARCH_PATHS = (
					"$(inherited)",
					"@executable_path/Frameworks",
				);
				MARKETING_VERSION = 1.0;
				PRODUCT_BUNDLE_IDENTIFIER = com.sample.alternateAppIcon;
				PRODUCT_NAME = "$(TARGET_NAME)";
				PROVISIONING_PROFILE_SPECIFIER = "";
				SWIFT_EMIT_LOC_STRINGS = YES;
				SWIFT_VERSION = 5.0;
				TARGETED_DEVICE_FAMILY = 1;
			};
			name = Release;
		};
/* End XCBuildConfiguration section */

/* Begin XCConfigurationList section */
		83027CB427E1C26800DC1CF5 /* Build configuration list for PBXProject "AlternateAppIcons" */ = {
			isa = XCConfigurationList;
			buildConfigurations = (
				83027CCE27E1C26B00DC1CF5 /* Debug */,
				83027CCF27E1C26B00DC1CF5 /* Release */,
			);
			defaultConfigurationIsVisible = 0;
			defaultConfigurationName = Release;
		};
		83027CD027E1C26B00DC1CF5 /* Build configuration list for PBXNativeTarget "AlternateAppIcon" */ = {
			isa = XCConfigurationList;
			buildConfigurations = (
				83027CD127E1C26B00DC1CF5 /* Debug */,
				83027CD227E1C26B00DC1CF5 /* Release */,
			);
			defaultConfigurationIsVisible = 0;
			defaultConfigurationName = Release;
		};
		83A2A5AC27E462FD009201CA /* Build configuration list for PBXNativeTarget "AlternateAppIconUsingInfoPList" */ = {
			isa = XCConfigurationList;
			buildConfigurations = (
				83A2A5AD27E462FD009201CA /* Debug */,
				83A2A5AE27E462FD009201CA /* Release */,
			);
			defaultConfigurationIsVisible = 0;
			defaultConfigurationName = Release;
		};
/* End XCConfigurationList section */
	};
	rootObject = 83027CB127E1C26800DC1CF5 /* Project object */;
}
